
Microsoft Visual Studio Solution File, Format Version 12.00
# Visual Studio 14
VisualStudioVersion = 14.0.22310.1
MinimumVisualStudioVersion = 10.0.40219.1
Project("{FAE04EC0-301F-11D3-BF4B-00C04F79EFBC}") = "ListTddPractice.UI", "ListTddPractice.UI\ListTddPractice.UI.csproj", "{C6B8ACEF-E689-4AD8-9C86-1D23EF0DD72F}"
EndProject
Project("{2150E333-8FDC-42A3-9474-1A3956D46DE8}") = ".nuget", ".nuget", "{30D36DD2-A820-43F7-9F86-B63F74CF6F7F}"
	ProjectSection(SolutionItems) = preProject
		.nuget\NuGet.Config = .nuget\NuGet.Config
		.nuget\NuGet.exe = .nuget\NuGet.exe
		.nuget\NuGet.targets = .nuget\NuGet.targets
	EndProjectSection
EndProject
Project("{2150E333-8FDC-42A3-9474-1A3956D46DE8}") = "Solution Items", "Solution Items", "{EF0F5F08-1331-429B-942E-51D3B8A0573B}"
	ProjectSection(SolutionItems) = preProject
		readme.txt = readme.txt
	EndProjectSection
EndProject
Project("{FAE04EC0-301F-11D3-BF4B-00C04F79EFBC}") = "ListTddPractice.Tests", "ListTddPractice.Tests\ListTddPractice.Tests.csproj", "{A8B75264-DD9B-47B8-99A9-0E6342BCB613}"
EndProject
Global
	GlobalSection(SolutionConfigurationPlatforms) = preSolution
		Debug|Any CPU = Debug|Any CPU
		Release|Any CPU = Release|Any CPU
	EndGlobalSection
	GlobalSection(ProjectConfigurationPlatforms) = postSolution
		{C6B8ACEF-E689-4AD8-9C86-1D23EF0DD72F}.Debug|Any CPU.ActiveCfg = Debug|Any CPU
		{C6B8ACEF-E689-4AD8-9C86-1D23EF0DD72F}.Debug|Any CPU.Build.0 = Debug|Any CPU
		{C6B8ACEF-E689-4AD8-9C86-1D23EF0DD72F}.Release|Any CPU.ActiveCfg = Release|Any CPU
		{C6B8ACEF-E689-4AD8-9C86-1D23EF0DD72F}.Release|Any CPU.Build.0 = Release|Any CPU
		{A8B75264-DD9B-47B8-99A9-0E6342BCB613}.Debug|Any CPU.ActiveCfg = Debug|Any CPU
		{A8B75264-DD9B-47B8-99A9-0E6342BCB613}.Debug|Any CPU.Build.0 = Debug|Any CPU
		{A8B75264-DD9B-47B8-99A9-0E6342BCB613}.Release|Any CPU.ActiveCfg = Release|Any CPU
		{A8B75264-DD9B-47B8-99A9-0E6342BCB613}.Release|Any CPU.Build.0 = Release|Any CPU
	EndGlobalSection
	GlobalSection(SolutionProperties) = preSolution
		HideSolutionNode = FALSE
	EndGlobalSection
EndGlobal
